
Microsoft Visual Studio Solution File, Format Version 12.00
# Visual Studio Version 17
VisualStudioVersion = 17.10.35013.160
MinimumVisualStudioVersion = 10.0.40219.1
Project("{FAE04EC0-301F-11D3-BF4B-00C04F79EFBC}") = "num guess", "num guess\num guess.csproj", "{D056308A-1DF6-4982-9EF2-DD8FAB138310}"
EndProject
Global
	GlobalSection(SolutionConfigurationPlatforms) = preSolution
		Debug|Any CPU = Debug|Any CPU
		Release|Any CPU = Release|Any CPU
	EndGlobalSection
	GlobalSection(ProjectConfigurationPlatforms) = postSolution
		{D056308A-1DF6-4982-9EF2-DD8FAB138310}.Debug|Any CPU.ActiveCfg = Release|Any CPU
		{D056308A-1DF6-4982-9EF2-DD8FAB138310}.Debug|Any CPU.Build.0 = Release|Any CPU
		{D056308A-1DF6-4982-9EF2-DD8FAB138310}.Release|Any CPU.ActiveCfg = Release|Any CPU
		{D056308A-1DF6-4982-9EF2-DD8FAB138310}.Release|Any CPU.Build.0 = Release|Any CPU
	EndGlobalSection
	GlobalSection(SolutionProperties) = preSolution
		HideSolutionNode = FALSE
	EndGlobalSection
	GlobalSection(ExtensibilityGlobals) = postSolution
		SolutionGuid = {5B958D01-4671-404B-9182-F10E69624115}
	EndGlobalSection
EndGlobal
